
Microsoft Visual Studio Solution File, Format Version 12.00
# Visual Studio Version 17
VisualStudioVersion = 17.4.33110.190
MinimumVisualStudioVersion = 10.0.40219.1
Project("{FAE04EC0-301F-11D3-BF4B-00C04F79EFBC}") = "Mobilebook", "Mobilebook\Mobilebook.csproj", "{BE9F7CF4-A376-4A05-998E-0EC295A1A031}"
EndProject
Global
	GlobalSection(SolutionConfigurationPlatforms) = preSolution
		Debug|Any CPU = Debug|Any CPU
		Release|Any CPU = Release|Any CPU
	EndGlobalSection
	GlobalSection(ProjectConfigurationPlatforms) = postSolution
		{BE9F7CF4-A376-4A05-998E-0EC295A1A031}.Debug|Any CPU.ActiveCfg = Debug|Any CPU
		{BE9F7CF4-A376-4A05-998E-0EC295A1A031}.Debug|Any CPU.Build.0 = Debug|Any CPU
		{BE9F7CF4-A376-4A05-998E-0EC295A1A031}.Release|Any CPU.ActiveCfg = Release|Any CPU
		{BE9F7CF4-A376-4A05-998E-0EC295A1A031}.Release|Any CPU.Build.0 = Release|Any CPU
	EndGlobalSection
	GlobalSection(SolutionProperties) = preSolution
		HideSolutionNode = FALSE
	EndGlobalSection
	GlobalSection(ExtensibilityGlobals) = postSolution
		SolutionGuid = {6F6E867C-37CF-4654-BAA7-F6465AAB710C}
	EndGlobalSection
EndGlobal
